version = 1
revision = 3
requires-python = ">=3.11"

[[package]]
name = "2025-09-03-basic-baml"
version = "0.1.0"
source = { virtual = "." }
dependencies = [
    { name = "baml-py" },
]

[package.metadata]
requires-dist = [{ name = "baml-py", specifier = ">=0.206.1" }]

[[package]]
name = "baml-py"
version = "0.206.1"
source = { registry = "https://pypi.org/simple" }
wheels = [
    { url = "https://files.pythonhosted.org/packages/0b/f9/d9a0231c0e7dbccf3e729415a7f207db2fcf4d9e7b3aabe3b70b31cda31a/baml_py-0.206.1-cp38-abi3-macosx_10_12_x86_64.whl", hash = "sha256:4526583d4588cca8439848e152a4b10f0176f83e8bef4a1afde035588c6d7a67", size = 19189378, upload-time = "2025-08-28T18:50:15.85Z" },
    { url = "https://files.pythonhosted.org/packages/9e/fc/ecfb61ba3071060db349d8c699d474ea531a69f7823a0e370a8a7d4b2ecc/baml_py-0.206.1-cp38-abi3-macosx_11_0_arm64.whl", hash = "sha256:b6ac84480cf63c836548955d7315355bf0c59fb9955f2178615345406556ef45", size = 17939848, upload-time = "2025-08-28T18:50:19.534Z" },
    { url = "https://files.pythonhosted.org/packages/28/bb/4fee8efc08fee63d52853a8ef6a6f95d21c4ee2384207fe6e30b9ab88ff8/baml_py-0.206.1-cp38-abi3-manylinux_2_17_x86_64.manylinux2014_x86_64.whl", hash = "sha256:e4cc1f613c8236dedf3d8a60ba17a81137baaab026348b00dec61b0ea0802b5e", size = 21779127, upload-time = "2025-08-28T18:50:22.783Z" },
    { url = "https://files.pythonhosted.org/packages/82/83/d84f48dd6a5eb158bd104228162dd6bc8145002258e6c51d7b9cbd9e7b89/baml_py-0.206.1-cp38-abi3-manylinux_2_24_aarch64.whl", hash = "sha256:fac50bb9c35ae0c9fbe73dbecf13211c0fdf0f3cc0135dbca99425ebbef9f5cd", size = 21007258, upload-time = "2025-08-28T18:50:27.357Z" },
    { url = "https://files.pythonhosted.org/packages/aa/f9/675a5f71e09e3e9d5f6c8577c98eca36e49706caebb441ab2f22c6a25d25/baml_py-0.206.1-cp38-abi3-musllinux_1_1_aarch64.whl", hash = "sha256:201acd59defc91f6db6a789af0ebe5b4e9509c045a18ae47c18cd06aaffe63be", size = 21266995, upload-time = "2025-08-28T18:50:30.718Z" },
    { url = "https://files.pythonhosted.org/packages/8c/fd/b18c4ed7ee823c5a893a5e27ee1e8c9669d2f87b70b9aa5c1e37349ff535/baml_py-0.206.1-cp38-abi3-musllinux_1_1_x86_64.whl", hash = "sha256:92fb115d5f17e82c0a63eb1d7f4a6373b803ba27d8e32bfba777fce67e724d25", size = 21946644, upload-time = "2025-08-28T18:50:34.439Z" },
    { url = "https://files.pythonhosted.org/packages/83/10/818bb2de6b23fffadbf4949a887246f7ffdcbc604b73901da67d1c2def26/baml_py-0.206.1-cp38-abi3-win_amd64.whl", hash = "sha256:c8ea3e611108ae8588b88f8321bf5592af06f146f226cb3948844e9368266fb0", size = 19013497, upload-time = "2025-08-28T18:50:37.659Z" },
    { url = "https://files.pythonhosted.org/packages/66/10/7f34ce017f0765dfaa9bb09a76c00499ff023f535373f4b6a19f8c2cb873/baml_py-0.206.1-cp38-abi3-win_arm64.whl", hash = "sha256:03e35cfa48e8456d59e369832991df1aab897407f8cac5f648ebe58b87c8205f", size = 17280661, upload-time = "2025-08-28T18:50:40.817Z" },
]
